
Microsoft Visual Studio Solution File, Format Version 12.00
# Visual Studio Version 17
VisualStudioVersion = 17.5.33627.172
MinimumVisualStudioVersion = 10.0.40219.1
Project("{9A19103F-16F7-4668-BE54-9A1E7A4F7556}") = "LIN.Allo.Server", "LIN.Chat\Server\LIN.Allo.Server.csproj", "{EABECE86-7B3F-45B7-9951-52A61BC42ED7}"
EndProject
Project("{9A19103F-16F7-4668-BE54-9A1E7A4F7556}") = "LIN.Allo.Client", "LIN.Chat\Client\LIN.Allo.Client.csproj", "{C61C7BD5-21E1-4F8B-85B5-B7D23DF1D854}"
EndProject
Project("{9A19103F-16F7-4668-BE54-9A1E7A4F7556}") = "LIN.Modules", "..\..\Tipos\LIN.Modules\LIN.Modules.csproj", "{C8ACF8FA-D129-452D-AE48-B9275873C9C7}"
EndProject
Project("{9A19103F-16F7-4668-BE54-9A1E7A4F7556}") = "LIN.Types.Auth", "..\..\Tipos\LIN.Types.Auth\LIN.Types.Auth.csproj", "{45CB67C5-4D05-4545-A351-9F2241A347FB}"
EndProject
Project("{9A19103F-16F7-4668-BE54-9A1E7A4F7556}") = "LIN.Access.Auth", "..\..\AccesoAPI\LIN.Access.Auth\LIN.Access.Auth.csproj", "{4B9A892B-97A2-456F-9BD6-6AF521E2BA2A}"
EndProject
Project("{9A19103F-16F7-4668-BE54-9A1E7A4F7556}") = "LIN.Types", "..\..\Tipos\LIN.Types\LIN.Types.csproj", "{AD6422B9-B706-485E-9ED6-552554EC3390}"
EndProject
Project("{9A19103F-16F7-4668-BE54-9A1E7A4F7556}") = "LIN.Types.Communication", "..\..\Tipos\LIN.Types.Communication\LIN.Types.Communication.csproj", "{80C40633-011B-4C00-9AC4-396262A8D9AE}"
EndProject
Project("{9A19103F-16F7-4668-BE54-9A1E7A4F7556}") = "LIN.Access.Communication", "..\..\AccesoAPI\LIN.Access.Communication\LIN.Access.Communication.csproj", "{3FBD77EA-72DA-4FB2-B82B-84E383C262F3}"
EndProject
Project("{9A19103F-16F7-4668-BE54-9A1E7A4F7556}") = "SILF.Script", "..\..\..\SILF\SILF\SILF.Script\SILF.Script.csproj", "{1196A222-E9ED-46BA-874C-1B30CB15EC64}"
EndProject
Project("{9A19103F-16F7-4668-BE54-9A1E7A4F7556}") = "LIN.Types.Emma", "..\..\Tipos\LIN.Types.Emma\LIN.Types.Emma.csproj", "{6B8BB3B3-A491-40C2-AF7F-D39E7C67BFB2}"
EndProject
Global
	GlobalSection(SolutionConfigurationPlatforms) = preSolution
		Debug|Any CPU = Debug|Any CPU
		Release|Any CPU = Release|Any CPU
	EndGlobalSection
	GlobalSection(ProjectConfigurationPlatforms) = postSolution
		{EABECE86-7B3F-45B7-9951-52A61BC42ED7}.Debug|Any CPU.ActiveCfg = Debug|Any CPU
		{EABECE86-7B3F-45B7-9951-52A61BC42ED7}.Debug|Any CPU.Build.0 = Debug|Any CPU
		{EABECE86-7B3F-45B7-9951-52A61BC42ED7}.Release|Any CPU.ActiveCfg = Release|Any CPU
		{EABECE86-7B3F-45B7-9951-52A61BC42ED7}.Release|Any CPU.Build.0 = Release|Any CPU
		{C61C7BD5-21E1-4F8B-85B5-B7D23DF1D854}.Debug|Any CPU.ActiveCfg = Debug|Any CPU
		{C61C7BD5-21E1-4F8B-85B5-B7D23DF1D854}.Debug|Any CPU.Build.0 = Debug|Any CPU
		{C61C7BD5-21E1-4F8B-85B5-B7D23DF1D854}.Release|Any CPU.ActiveCfg = Release|Any CPU
		{C61C7BD5-21E1-4F8B-85B5-B7D23DF1D854}.Release|Any CPU.Build.0 = Release|Any CPU
		{C8ACF8FA-D129-452D-AE48-B9275873C9C7}.Debug|Any CPU.ActiveCfg = Debug|Any CPU
		{C8ACF8FA-D129-452D-AE48-B9275873C9C7}.Debug|Any CPU.Build.0 = Debug|Any CPU
		{C8ACF8FA-D129-452D-AE48-B9275873C9C7}.Release|Any CPU.ActiveCfg = Release|Any CPU
		{C8ACF8FA-D129-452D-AE48-B9275873C9C7}.Release|Any CPU.Build.0 = Release|Any CPU
		{45CB67C5-4D05-4545-A351-9F2241A347FB}.Debug|Any CPU.ActiveCfg = Debug|Any CPU
		{45CB67C5-4D05-4545-A351-9F2241A347FB}.Debug|Any CPU.Build.0 = Debug|Any CPU
		{45CB67C5-4D05-4545-A351-9F2241A347FB}.Release|Any CPU.ActiveCfg = Release|Any CPU
		{45CB67C5-4D05-4545-A351-9F2241A347FB}.Release|Any CPU.Build.0 = Release|Any CPU
		{4B9A892B-97A2-456F-9BD6-6AF521E2BA2A}.Debug|Any CPU.ActiveCfg = Debug|Any CPU
		{4B9A892B-97A2-456F-9BD6-6AF521E2BA2A}.Debug|Any CPU.Build.0 = Debug|Any CPU
		{4B9A892B-97A2-456F-9BD6-6AF521E2BA2A}.Release|Any CPU.ActiveCfg = Release|Any CPU
		{4B9A892B-97A2-456F-9BD6-6AF521E2BA2A}.Release|Any CPU.Build.0 = Release|Any CPU
		{AD6422B9-B706-485E-9ED6-552554EC3390}.Debug|Any CPU.ActiveCfg = Debug|Any CPU
		{AD6422B9-B706-485E-9ED6-552554EC3390}.Debug|Any CPU.Build.0 = Debug|Any CPU
		{AD6422B9-B706-485E-9ED6-552554EC3390}.Release|Any CPU.ActiveCfg = Release|Any CPU
		{AD6422B9-B706-485E-9ED6-552554EC3390}.Release|Any CPU.Build.0 = Release|Any CPU
		{80C40633-011B-4C00-9AC4-396262A8D9AE}.Debug|Any CPU.ActiveCfg = Debug|Any CPU
		{80C40633-011B-4C00-9AC4-396262A8D9AE}.Debug|Any CPU.Build.0 = Debug|Any CPU
		{80C40633-011B-4C00-9AC4-396262A8D9AE}.Release|Any CPU.ActiveCfg = Release|Any CPU
		{80C40633-011B-4C00-9AC4-396262A8D9AE}.Release|Any CPU.Build.0 = Release|Any CPU
		{3FBD77EA-72DA-4FB2-B82B-84E383C262F3}.Debug|Any CPU.ActiveCfg = Debug|Any CPU
		{3FBD77EA-72DA-4FB2-B82B-84E383C262F3}.Debug|Any CPU.Build.0 = Debug|Any CPU
		{3FBD77EA-72DA-4FB2-B82B-84E383C262F3}.Release|Any CPU.ActiveCfg = Release|Any CPU
		{3FBD77EA-72DA-4FB2-B82B-84E383C262F3}.Release|Any CPU.Build.0 = Release|Any CPU
		{1196A222-E9ED-46BA-874C-1B30CB15EC64}.Debug|Any CPU.ActiveCfg = Debug|Any CPU
		{1196A222-E9ED-46BA-874C-1B30CB15EC64}.Debug|Any CPU.Build.0 = Debug|Any CPU
		{1196A222-E9ED-46BA-874C-1B30CB15EC64}.Release|Any CPU.ActiveCfg = Release|Any CPU
		{1196A222-E9ED-46BA-874C-1B30CB15EC64}.Release|Any CPU.Build.0 = Release|Any CPU
		{6B8BB3B3-A491-40C2-AF7F-D39E7C67BFB2}.Debug|Any CPU.ActiveCfg = Debug|Any CPU
		{6B8BB3B3-A491-40C2-AF7F-D39E7C67BFB2}.Debug|Any CPU.Build.0 = Debug|Any CPU
		{6B8BB3B3-A491-40C2-AF7F-D39E7C67BFB2}.Release|Any CPU.ActiveCfg = Release|Any CPU
		{6B8BB3B3-A491-40C2-AF7F-D39E7C67BFB2}.Release|Any CPU.Build.0 = Release|Any CPU
	EndGlobalSection
	GlobalSection(SolutionProperties) = preSolution
		HideSolutionNode = FALSE
	EndGlobalSection
	GlobalSection(ExtensibilityGlobals) = postSolution
		SolutionGuid = {DDC0435A-46EC-4EE2-835D-D4BD2731ECAF}
	EndGlobalSection
EndGlobal
